# THIS IS AN AUTOGENERATED FILE. DO NOT EDIT THIS FILE DIRECTLY.
# yarn lockfile v1


"@react-native-async-storage/async-storage@^2.2.0":
  version "2.2.0"
  resolved "https://registry.yarnpkg.com/@react-native-async-storage/async-storage/-/async-storage-2.2.0.tgz#a3aa565253e46286655560172f4e366e8969f5ad"
  integrity sha512-gvRvjR5JAaUZF8tv2Kcq/Gbt3JHwbKFYfmb445rhOj6NUMx3qPLixmDx5pZAyb9at1bYvJ4/eTUipU5aki45xw==
  dependencies:
    merge-options "^3.0.4"

is-plain-obj@^2.1.0:
  version "2.1.0"
  resolved "https://registry.yarnpkg.com/is-plain-obj/-/is-plain-obj-2.1.0.tgz#45e42e37fccf1f40da8e5f76ee21515840c09287"
  integrity sha512-YWnfyRwxL/+SsrWYfOpUtz5b3YD+nyfkHvjbcanzk8zgyO4ASD67uVMRt8k5bM4lLMDnXfriRhOpemw+NfT1eA==

merge-options@^3.0.4:
  version "3.0.4"
  resolved "https://registry.yarnpkg.com/merge-options/-/merge-options-3.0.4.tgz#84709c2aa2a4b24c1981f66c179fe5565cc6dbb7"
  integrity sha512-2Sug1+knBjkaMsMgf1ctR1Ujx+Ayku4EdJN4Z+C2+JzoeF7A3OZ9KM2GY0CpQS51NR61LTurMJrRKPhSs3ZRTQ==
  dependencies:
    is-plain-obj "^2.1.0"

react-native-ble-plx@^3.5.0:
  version "3.5.0"
  resolved "https://registry.yarnpkg.com/react-native-ble-plx/-/react-native-ble-plx-3.5.0.tgz#6cfa33c007bf5cc8b573dfcca8915de57cec60be"
  integrity sha512-PeSnRswHLwLRVMQkOfDaRICtrGmo94WGKhlSC09XmHlqX2EuYgH+vNJpGcLkd8lyiYpEJyf8wlFAdj9Akliwmw==

react-native-permissions@^5.4.4:
  version "5.4.4"
  resolved "https://registry.yarnpkg.com/react-native-permissions/-/react-native-permissions-5.4.4.tgz#8a63b001fc0f9e88426c36b21a6fe379c4533b04"
  integrity sha512-WB5lRCBGXETfuaUhem2vgOceb9+URCeyfKpLGFSwoOffLuyJCA6+NTR3l1KLkrK4Ykxsig37z16/shUVufmt7A==

react-native-track-player@^4.1.2:
  version "4.1.2"
  resolved "https://registry.yarnpkg.com/react-native-track-player/-/react-native-track-player-4.1.2.tgz#f855e79ea947f7fed707dbd4b5e9a8bc02e0454d"
  integrity sha512-cIgMlqVJx/95hirUWPRW8CHxiBFj9Rjl/voKHh2jF/2URYMTQyt76t/m2FKvjeYUW2doKv4QSCBIOUmtyDLtJw==

react-native-tts@^4.1.1:
  version "4.1.1"
  resolved "https://registry.yarnpkg.com/react-native-tts/-/react-native-tts-4.1.1.tgz#a6caa23f3e955e913195d6342608cb4489dd8ed1"
  integrity sha512-VL0TgCwkUWggbbFGIXAPKC3rM1baluAYtgOdgnaTm7UYsWf/y8n5VgmVB0J2Wa8qt1dldZ1cSsdQY9iz3evcAg==
